{
  "name": "dotfile",
  "version": "0.0.1",
  "lockfileVersion": 3,
  "requires": true,
  "packages": {
    "": {
      "name": "dotfile",
      "version": "0.0.1",
      "license": "MIT",
      "dependencies": {
        "prettier": "^2.5.1",
        "zx": "^8"
      }
    },
    "node_modules/prettier": {
      "version": "2.8.8",
      "resolved": "https://registry.npmjs.org/prettier/-/prettier-2.8.8.tgz",
      "integrity": "sha512-tdN8qQGvNjw4CHbY+XXk0JgCXn9QiF21a55rBe5LJAU+kDyC4WQn4+awm2Xfk2lQMk5fKup9XgzTZtGkjBdP9Q==",
      "bin": {
        "prettier": "bin-prettier.js"
      },
      "engines": {
        "node": ">=10.13.0"
      },
      "funding": {
        "url": "https://github.com/prettier/prettier?sponsor=1"
      }
    },
    "node_modules/zx": {
      "version": "8.5.3",
      "resolved": "https://registry.npmjs.org/zx/-/zx-8.5.3.tgz",
      "integrity": "sha512-TsGLAt8Ngr4wDXLZmN9BT+6FWVLFbqdQ0qpXkV3tIfH7F+MgN/WUeSY7W4nNqAntjWunmnRaznpyxtJRPhCbUQ==",
      "license": "Apache-2.0",
      "bin": {
        "zx": "build/cli.js"
      },
      "engines": {
        "node": ">= 12.17.0"
      }
    }
  }
}
